// !$*UTF8*$!
{
	archiveVersion = 1;
	classes = {
	};
	objectVersion = 56;
	objects = {

/* Begin PBXBuildFile section */
		3C02F7D2291CFA7800DB6636 /* PickerViewDelegate.swift in Sources */ = {isa = PBXBuildFile; fileRef = 3C02F7D1291CFA7800DB6636 /* PickerViewDelegate.swift */; };
		3C02F7D6291D230600DB6636 /* AddBranchPresenter.swift in Sources */ = {isa = PBXBuildFile; fileRef = 3C02F7D5291D230600DB6636 /* AddBranchPresenter.swift */; };
		3C02F7D8291D231600DB6636 /* AddBranchInteractor.swift in Sources */ = {isa = PBXBuildFile; fileRef = 3C02F7D7291D231600DB6636 /* AddBranchInteractor.swift */; };
		3C02F7DA291D279E00DB6636 /* AddBranch.swift in Sources */ = {isa = PBXBuildFile; fileRef = 3C02F7D9291D279E00DB6636 /* AddBranch.swift */; };
		3C02F7DC291D3ECA00DB6636 /* AddBranchViewControllerProtocol.swift in Sources */ = {isa = PBXBuildFile; fileRef = 3C02F7DB291D3ECA00DB6636 /* AddBranchViewControllerProtocol.swift */; };
		3C02F7DF291D3FCC00DB6636 /* AddBranchConfigrator.swift in Sources */ = {isa = PBXBuildFile; fileRef = 3C02F7DE291D3FCC00DB6636 /* AddBranchConfigrator.swift */; };
		3C3671EE29179FAE00DBCA4C /* AppDelegate.swift in Sources */ = {isa = PBXBuildFile; fileRef = 3C3671ED29179FAE00DBCA4C /* AppDelegate.swift */; };
		3C3671F029179FAE00DBCA4C /* SceneDelegate.swift in Sources */ = {isa = PBXBuildFile; fileRef = 3C3671EF29179FAE00DBCA4C /* SceneDelegate.swift */; };
		3C3671F729179FB000DBCA4C /* Assets.xcassets in Resources */ = {isa = PBXBuildFile; fileRef = 3C3671F629179FB000DBCA4C /* Assets.xcassets */; };
		3C3671FA29179FB000DBCA4C /* LaunchScreen.storyboard in Resources */ = {isa = PBXBuildFile; fileRef = 3C3671F829179FB000DBCA4C /* LaunchScreen.storyboard */; };
		3C3672032917A08800DBCA4C /* AppDelegate + Extension.swift in Sources */ = {isa = PBXBuildFile; fileRef = 3C3672022917A08800DBCA4C /* AppDelegate + Extension.swift */; };
		3C3672052917A0A200DBCA4C /* SceneDelegate + Extension.swift in Sources */ = {isa = PBXBuildFile; fileRef = 3C3672042917A0A200DBCA4C /* SceneDelegate + Extension.swift */; };
		3C3672162917A40A00DBCA4C /* Constants.swift in Sources */ = {isa = PBXBuildFile; fileRef = 3C3672152917A40A00DBCA4C /* Constants.swift */; };
		3C36721B2917A5D600DBCA4C /* swiftgen.yml in Resources */ = {isa = PBXBuildFile; fileRef = 3C36721A2917A5D600DBCA4C /* swiftgen.yml */; };
		3C36721D2917A8A900DBCA4C /* Assets.swift in Sources */ = {isa = PBXBuildFile; fileRef = 3C36721C2917A8A900DBCA4C /* Assets.swift */; };
		3C36721F2917A8E100DBCA4C /* Fonts.swift in Sources */ = {isa = PBXBuildFile; fileRef = 3C36721E2917A8E100DBCA4C /* Fonts.swift */; };
		3C3672292917AA7600DBCA4C /* Cairo-Light.ttf in Resources */ = {isa = PBXBuildFile; fileRef = 3C3672212917AA7600DBCA4C /* Cairo-Light.ttf */; };
		3C36722A2917AA7600DBCA4C /* Cairo-Black.ttf in Resources */ = {isa = PBXBuildFile; fileRef = 3C3672222917AA7600DBCA4C /* Cairo-Black.ttf */; };
		3C36722D2917AA7600DBCA4C /* Cairo-Bold.ttf in Resources */ = {isa = PBXBuildFile; fileRef = 3C3672252917AA7600DBCA4C /* Cairo-Bold.ttf */; };
		3C36722F2917AA7600DBCA4C /* Cairo-Regular.ttf in Resources */ = {isa = PBXBuildFile; fileRef = 3C3672272917AA7600DBCA4C /* Cairo-Regular.ttf */; };
		3C3672302917AA7600DBCA4C /* Cairo-Medium.ttf in Resources */ = {isa = PBXBuildFile; fileRef = 3C3672282917AA7600DBCA4C /* Cairo-Medium.ttf */; };
		3C3672392917ACEC00DBCA4C /* APIClient.swift in Sources */ = {isa = PBXBuildFile; fileRef = 3C3672352917ACEC00DBCA4C /* APIClient.swift */; };
		3C36723A2917ACEC00DBCA4C /* APIRouter.swift in Sources */ = {isa = PBXBuildFile; fileRef = 3C3672372917ACEC00DBCA4C /* APIRouter.swift */; };
		3C36723B2917ACEC00DBCA4C /* APIRouterProtocol.swift in Sources */ = {isa = PBXBuildFile; fileRef = 3C3672382917ACEC00DBCA4C /* APIRouterProtocol.swift */; };
		3C36723D2917DA7900DBCA4C /* BranchEntity.swift in Sources */ = {isa = PBXBuildFile; fileRef = 3C36723C2917DA7800DBCA4C /* BranchEntity.swift */; };
		3C3672402917DB8200DBCA4C /* ServerResponse.swift in Sources */ = {isa = PBXBuildFile; fileRef = 3C36723F2917DB8200DBCA4C /* ServerResponse.swift */; };
		3C3672442917DCBF00DBCA4C /* Branch.swift in Sources */ = {isa = PBXBuildFile; fileRef = 3C3672432917DCBF00DBCA4C /* Branch.swift */; };
		3C3672472917E1CB00DBCA4C /* BranchsGateway.swift in Sources */ = {isa = PBXBuildFile; fileRef = 3C3672462917E1CB00DBCA4C /* BranchsGateway.swift */; };
		3C36724A2917E29800DBCA4C /* RemoteBranchsRepository.swift in Sources */ = {isa = PBXBuildFile; fileRef = 3C3672492917E29800DBCA4C /* RemoteBranchsRepository.swift */; };
		3C36724C2917E2F200DBCA4C /* BranchsService.swift in Sources */ = {isa = PBXBuildFile; fileRef = 3C36724B2917E2F200DBCA4C /* BranchsService.swift */; };
		3C36724E2917E4EF00DBCA4C /* BranchDetailsEntity.swift in Sources */ = {isa = PBXBuildFile; fileRef = 3C36724D2917E4EF00DBCA4C /* BranchDetailsEntity.swift */; };
		3C3672522917F0C200DBCA4C /* BranchsViewController.swift in Sources */ = {isa = PBXBuildFile; fileRef = 3C3672502917F0C200DBCA4C /* BranchsViewController.swift */; };
		3C3672532917F0C200DBCA4C /* BranchsViewController.xib in Resources */ = {isa = PBXBuildFile; fileRef = 3C3672512917F0C200DBCA4C /* BranchsViewController.xib */; };
		3C3672592918E54300DBCA4C /* BranchCell.swift in Sources */ = {isa = PBXBuildFile; fileRef = 3C3672572918E54300DBCA4C /* BranchCell.swift */; };
		3C36725A2918E54300DBCA4C /* BranchCell.xib in Resources */ = {isa = PBXBuildFile; fileRef = 3C3672582918E54300DBCA4C /* BranchCell.xib */; };
		3CA30317291BD60D00DCECBF /* AddBranchViewController.swift in Sources */ = {isa = PBXBuildFile; fileRef = 3CA30315291BD60D00DCECBF /* AddBranchViewController.swift */; };
		3CA30318291BD60D00DCECBF /* AddBranchViewController.xib in Resources */ = {isa = PBXBuildFile; fileRef = 3CA30316291BD60D00DCECBF /* AddBranchViewController.xib */; };
		3CA3031D291BE3B400DCECBF /* RJPickerView.swift in Sources */ = {isa = PBXBuildFile; fileRef = 3CA3031C291BE3B400DCECBF /* RJPickerView.swift */; };
		3CA30321291BF03C00DCECBF /* RJPickerView.xib in Resources */ = {isa = PBXBuildFile; fileRef = 3CA30320291BF03B00DCECBF /* RJPickerView.xib */; };
		3CB8B1A6291A472E005E7497 /* BranchsRouter.swift in Sources */ = {isa = PBXBuildFile; fileRef = 3CB8B1A5291A472E005E7497 /* BranchsRouter.swift */; };
		3CB8B1B1291A48A8005E7497 /* BranchDetailsViewController.swift in Sources */ = {isa = PBXBuildFile; fileRef = 3CB8B1AF291A48A8005E7497 /* BranchDetailsViewController.swift */; };
		3CD59B3D2918ECDF005BEEF3 /* BranchsTableViewDelegate.swift in Sources */ = {isa = PBXBuildFile; fileRef = 3CD59B3C2918ECDF005BEEF3 /* BranchsTableViewDelegate.swift */; };
		3CD59B412918F39D005BEEF3 /* Colors.swift in Sources */ = {isa = PBXBuildFile; fileRef = 3CD59B402918F39D005BEEF3 /* Colors.swift */; };
		3CF43AB729191E1C00A4F4B5 /* Colors.txt in Resources */ = {isa = PBXBuildFile; fileRef = 3CF43AB629191E1C00A4F4B5 /* Colors.txt */; };
		3CF43ABB29192D2000A4F4B5 /* Localizable.strings in Resources */ = {isa = PBXBuildFile; fileRef = 3CF43ABD29192D2000A4F4B5 /* Localizable.strings */; };
		3CF43AC129192FC700A4F4B5 /* Strings.swift in Sources */ = {isa = PBXBuildFile; fileRef = 3CF43AC029192FC700A4F4B5 /* Strings.swift */; };
		3CF43AC7291931BF00A4F4B5 /* BranchsInteractor.swift in Sources */ = {isa = PBXBuildFile; fileRef = 3CF43AC6291931BF00A4F4B5 /* BranchsInteractor.swift */; };
		3CF43AC92919322600A4F4B5 /* BranchsViewControllerProtocol.swift in Sources */ = {isa = PBXBuildFile; fileRef = 3CF43AC82919322600A4F4B5 /* BranchsViewControllerProtocol.swift */; };
		3CF43ACB291932A100A4F4B5 /* BranchsPresenter.swift in Sources */ = {isa = PBXBuildFile; fileRef = 3CF43ACA291932A100A4F4B5 /* BranchsPresenter.swift */; };
		3CF43ACE29194A6400A4F4B5 /* BranchsConfigrator.swift in Sources */ = {isa = PBXBuildFile; fileRef = 3CF43ACD29194A6400A4F4B5 /* BranchsConfigrator.swift */; };
		3CF48FFE291A5F1A002E55A8 /* BranchDetailsViewController.xib in Resources */ = {isa = PBXBuildFile; fileRef = 3CF49000291A5F1A002E55A8 /* BranchDetailsViewController.xib */; };
		3CF4900E291A7506002E55A8 /* BranchDetailsPresenter.swift in Sources */ = {isa = PBXBuildFile; fileRef = 3CF4900D291A7506002E55A8 /* BranchDetailsPresenter.swift */; };
		3CF49010291A7665002E55A8 /* BranchDetailsViewControllerProtocol.swift in Sources */ = {isa = PBXBuildFile; fileRef = 3CF4900F291A7665002E55A8 /* BranchDetailsViewControllerProtocol.swift */; };
		3CF49012291A76D6002E55A8 /* BranchDetails.swift in Sources */ = {isa = PBXBuildFile; fileRef = 3CF49011291A76D6002E55A8 /* BranchDetails.swift */; };
		3CF49015291A7F82002E55A8 /* Alamofire in Frameworks */ = {isa = PBXBuildFile; productRef = 3CF49014291A7F82002E55A8 /* Alamofire */; };
		3CF4901A291A8604002E55A8 /* BranchDetailsInteractor.swift in Sources */ = {isa = PBXBuildFile; fileRef = 3CF49019291A8604002E55A8 /* BranchDetailsInteractor.swift */; };
		3CF4901D291A8B1B002E55A8 /* BranchDetailsConfigrator.swift in Sources */ = {isa = PBXBuildFile; fileRef = 3CF4901C291A8B1B002E55A8 /* BranchDetailsConfigrator.swift */; };
		3CF49020291A8CE5002E55A8 /* BranchDetailsRouter.swift in Sources */ = {isa = PBXBuildFile; fileRef = 3CF4901F291A8CE5002E55A8 /* BranchDetailsRouter.swift */; };
/* End PBXBuildFile section */

/* Begin PBXFileReference section */
		3C02F7D1291CFA7800DB6636 /* PickerViewDelegate.swift */ = {isa = PBXFileReference; lastKnownFileType = sourcecode.swift; path = PickerViewDelegate.swift; sourceTree = "<group>"; };
		3C02F7D5291D230600DB6636 /* AddBranchPresenter.swift */ = {isa = PBXFileReference; lastKnownFileType = sourcecode.swift; path = AddBranchPresenter.swift; sourceTree = "<group>"; };
		3C02F7D7291D231600DB6636 /* AddBranchInteractor.swift */ = {isa = PBXFileReference; lastKnownFileType = sourcecode.swift; path = AddBranchInteractor.swift; sourceTree = "<group>"; };
		3C02F7D9291D279E00DB6636 /* AddBranch.swift */ = {isa = PBXFileReference; lastKnownFileType = sourcecode.swift; path = AddBranch.swift; sourceTree = "<group>"; };
		3C02F7DB291D3ECA00DB6636 /* AddBranchViewControllerProtocol.swift */ = {isa = PBXFileReference; lastKnownFileType = sourcecode.swift; path = AddBranchViewControllerProtocol.swift; sourceTree = "<group>"; };
		3C02F7DE291D3FCC00DB6636 /* AddBranchConfigrator.swift */ = {isa = PBXFileReference; lastKnownFileType = sourcecode.swift; path = AddBranchConfigrator.swift; sourceTree = "<group>"; };
		3C3671EA29179FAE00DBCA4C /* iOS_Rasid.app */ = {isa = PBXFileReference; explicitFileType = wrapper.application; includeInIndex = 0; path = iOS_Rasid.app; sourceTree = BUILT_PRODUCTS_DIR; };
		3C3671ED29179FAE00DBCA4C /* AppDelegate.swift */ = {isa = PBXFileReference; lastKnownFileType = sourcecode.swift; path = AppDelegate.swift; sourceTree = "<group>"; };
		3C3671EF29179FAE00DBCA4C /* SceneDelegate.swift */ = {isa = PBXFileReference; lastKnownFileType = sourcecode.swift; path = SceneDelegate.swift; sourceTree = "<group>"; };
		3C3671F629179FB000DBCA4C /* Assets.xcassets */ = {isa = PBXFileReference; lastKnownFileType = folder.assetcatalog; path = Assets.xcassets; sourceTree = "<group>"; };
		3C3671F929179FB000DBCA4C /* Base */ = {isa = PBXFileReference; lastKnownFileType = file.storyboard; name = Base; path = Base.lproj/LaunchScreen.storyboard; sourceTree = "<group>"; };
		3C3671FB29179FB000DBCA4C /* Info.plist */ = {isa = PBXFileReference; lastKnownFileType = text.plist.xml; path = Info.plist; sourceTree = "<group>"; };
		3C3672022917A08800DBCA4C /* AppDelegate + Extension.swift */ = {isa = PBXFileReference; lastKnownFileType = sourcecode.swift; path = "AppDelegate + Extension.swift"; sourceTree = "<group>"; };
		3C3672042917A0A200DBCA4C /* SceneDelegate + Extension.swift */ = {isa = PBXFileReference; lastKnownFileType = sourcecode.swift; path = "SceneDelegate + Extension.swift"; sourceTree = "<group>"; };
		3C3672152917A40A00DBCA4C /* Constants.swift */ = {isa = PBXFileReference; lastKnownFileType = sourcecode.swift; path = Constants.swift; sourceTree = "<group>"; };
		3C36721A2917A5D600DBCA4C /* swiftgen.yml */ = {isa = PBXFileReference; fileEncoding = 4; lastKnownFileType = text.yaml; path = swiftgen.yml; sourceTree = "<group>"; };
		3C36721C2917A8A900DBCA4C /* Assets.swift */ = {isa = PBXFileReference; fileEncoding = 4; lastKnownFileType = sourcecode.swift; path = Assets.swift; sourceTree = "<group>"; };
		3C36721E2917A8E100DBCA4C /* Fonts.swift */ = {isa = PBXFileReference; fileEncoding = 4; lastKnownFileType = sourcecode.swift; path = Fonts.swift; sourceTree = "<group>"; };
		3C3672212917AA7600DBCA4C /* Cairo-Light.ttf */ = {isa = PBXFileReference; lastKnownFileType = file; path = "Cairo-Light.ttf"; sourceTree = "<group>"; };
		3C3672222917AA7600DBCA4C /* Cairo-Black.ttf */ = {isa = PBXFileReference; lastKnownFileType = file; path = "Cairo-Black.ttf"; sourceTree = "<group>"; };
		3C3672252917AA7600DBCA4C /* Cairo-Bold.ttf */ = {isa = PBXFileReference; lastKnownFileType = file; path = "Cairo-Bold.ttf"; sourceTree = "<group>"; };
		3C3672272917AA7600DBCA4C /* Cairo-Regular.ttf */ = {isa = PBXFileReference; lastKnownFileType = file; path = "Cairo-Regular.ttf"; sourceTree = "<group>"; };
		3C3672282917AA7600DBCA4C /* Cairo-Medium.ttf */ = {isa = PBXFileReference; lastKnownFileType = file; path = "Cairo-Medium.ttf"; sourceTree = "<group>"; };
		3C3672352917ACEC00DBCA4C /* APIClient.swift */ = {isa = PBXFileReference; fileEncoding = 4; lastKnownFileType = sourcecode.swift; path = APIClient.swift; sourceTree = "<group>"; };
		3C3672372917ACEC00DBCA4C /* APIRouter.swift */ = {isa = PBXFileReference; fileEncoding = 4; lastKnownFileType = sourcecode.swift; path = APIRouter.swift; sourceTree = "<group>"; };
		3C3672382917ACEC00DBCA4C /* APIRouterProtocol.swift */ = {isa = PBXFileReference; fileEncoding = 4; lastKnownFileType = sourcecode.swift; path = APIRouterProtocol.swift; sourceTree = "<group>"; };
		3C36723C2917DA7800DBCA4C /* BranchEntity.swift */ = {isa = PBXFileReference; lastKnownFileType = sourcecode.swift; path = BranchEntity.swift; sourceTree = "<group>"; };
		3C36723F2917DB8200DBCA4C /* ServerResponse.swift */ = {isa = PBXFileReference; fileEncoding = 4; lastKnownFileType = sourcecode.swift; path = ServerResponse.swift; sourceTree = "<group>"; };
		3C3672432917DCBF00DBCA4C /* Branch.swift */ = {isa = PBXFileReference; lastKnownFileType = sourcecode.swift; path = Branch.swift; sourceTree = "<group>"; };
		3C3672462917E1CB00DBCA4C /* BranchsGateway.swift */ = {isa = PBXFileReference; lastKnownFileType = sourcecode.swift; path = BranchsGateway.swift; sourceTree = "<group>"; };
		3C3672492917E29800DBCA4C /* RemoteBranchsRepository.swift */ = {isa = PBXFileReference; lastKnownFileType = sourcecode.swift; path = RemoteBranchsRepository.swift; sourceTree = "<group>"; };
		3C36724B2917E2F200DBCA4C /* BranchsService.swift */ = {isa = PBXFileReference; lastKnownFileType = sourcecode.swift; path = BranchsService.swift; sourceTree = "<group>"; };
		3C36724D2917E4EF00DBCA4C /* BranchDetailsEntity.swift */ = {isa = PBXFileReference; lastKnownFileType = sourcecode.swift; path = BranchDetailsEntity.swift; sourceTree = "<group>"; };
		3C3672502917F0C200DBCA4C /* BranchsViewController.swift */ = {isa = PBXFileReference; lastKnownFileType = sourcecode.swift; path = BranchsViewController.swift; sourceTree = "<group>"; };
		3C3672512917F0C200DBCA4C /* BranchsViewController.xib */ = {isa = PBXFileReference; lastKnownFileType = file.xib; path = BranchsViewController.xib; sourceTree = "<group>"; };
		3C3672572918E54300DBCA4C /* BranchCell.swift */ = {isa = PBXFileReference; lastKnownFileType = sourcecode.swift; path = BranchCell.swift; sourceTree = "<group>"; };
		3C3672582918E54300DBCA4C /* BranchCell.xib */ = {isa = PBXFileReference; lastKnownFileType = file.xib; path = BranchCell.xib; sourceTree = "<group>"; };
		3CA30315291BD60D00DCECBF /* AddBranchViewController.swift */ = {isa = PBXFileReference; lastKnownFileType = sourcecode.swift; path = AddBranchViewController.swift; sourceTree = "<group>"; };
		3CA30316291BD60D00DCECBF /* AddBranchViewController.xib */ = {isa = PBXFileReference; lastKnownFileType = file.xib; path = AddBranchViewController.xib; sourceTree = "<group>"; };
		3CA3031C291BE3B400DCECBF /* RJPickerView.swift */ = {isa = PBXFileReference; lastKnownFileType = sourcecode.swift; path = RJPickerView.swift; sourceTree = "<group>"; };
		3CA30320291BF03B00DCECBF /* RJPickerView.xib */ = {isa = PBXFileReference; lastKnownFileType = file.xib; path = RJPickerView.xib; sourceTree = "<group>"; };
		3CB8B1A5291A472E005E7497 /* BranchsRouter.swift */ = {isa = PBXFileReference; fileEncoding = 4; lastKnownFileType = sourcecode.swift; path = BranchsRouter.swift; sourceTree = "<group>"; };
		3CB8B1AF291A48A8005E7497 /* BranchDetailsViewController.swift */ = {isa = PBXFileReference; lastKnownFileType = sourcecode.swift; path = BranchDetailsViewController.swift; sourceTree = "<group>"; };
		3CD59B3C2918ECDF005BEEF3 /* BranchsTableViewDelegate.swift */ = {isa = PBXFileReference; lastKnownFileType = sourcecode.swift; path = BranchsTableViewDelegate.swift; sourceTree = "<group>"; };
		3CD59B402918F39D005BEEF3 /* Colors.swift */ = {isa = PBXFileReference; fileEncoding = 4; lastKnownFileType = sourcecode.swift; path = Colors.swift; sourceTree = "<group>"; };
		3CF43AB629191E1C00A4F4B5 /* Colors.txt */ = {isa = PBXFileReference; fileEncoding = 4; lastKnownFileType = text; path = Colors.txt; sourceTree = "<group>"; };
		3CF43ABC29192D2000A4F4B5 /* en */ = {isa = PBXFileReference; lastKnownFileType = text.plist.strings; name = en; path = en.lproj/Localizable.strings; sourceTree = "<group>"; };
		3CF43ABE29192D4100A4F4B5 /* ar */ = {isa = PBXFileReference; lastKnownFileType = text.plist.strings; name = ar; path = ar.lproj/LaunchScreen.strings; sourceTree = "<group>"; };
		3CF43ABF29192D4100A4F4B5 /* ar */ = {isa = PBXFileReference; lastKnownFileType = text.plist.strings; name = ar; path = ar.lproj/Localizable.strings; sourceTree = "<group>"; };
		3CF43AC029192FC700A4F4B5 /* Strings.swift */ = {isa = PBXFileReference; fileEncoding = 4; lastKnownFileType = sourcecode.swift; path = Strings.swift; sourceTree = "<group>"; };
		3CF43AC6291931BF00A4F4B5 /* BranchsInteractor.swift */ = {isa = PBXFileReference; lastKnownFileType = sourcecode.swift; path = BranchsInteractor.swift; sourceTree = "<group>"; };
		3CF43AC82919322600A4F4B5 /* BranchsViewControllerProtocol.swift */ = {isa = PBXFileReference; lastKnownFileType = sourcecode.swift; path = BranchsViewControllerProtocol.swift; sourceTree = "<group>"; };
		3CF43ACA291932A100A4F4B5 /* BranchsPresenter.swift */ = {isa = PBXFileReference; lastKnownFileType = sourcecode.swift; path = BranchsPresenter.swift; sourceTree = "<group>"; };
		3CF43ACD29194A6400A4F4B5 /* BranchsConfigrator.swift */ = {isa = PBXFileReference; lastKnownFileType = sourcecode.swift; path = BranchsConfigrator.swift; sourceTree = "<group>"; };
		3CF48FFF291A5F1A002E55A8 /* Base */ = {isa = PBXFileReference; lastKnownFileType = file.xib; name = Base; path = Base.lproj/BranchDetailsViewController.xib; sourceTree = "<group>"; };
		3CF4900A291A60A9002E55A8 /* ar */ = {isa = PBXFileReference; lastKnownFileType = text.plist.strings; name = ar; path = ar.lproj/BranchDetailsViewController.strings; sourceTree = "<group>"; };
		3CF4900D291A7506002E55A8 /* BranchDetailsPresenter.swift */ = {isa = PBXFileReference; lastKnownFileType = sourcecode.swift; path = BranchDetailsPresenter.swift; sourceTree = "<group>"; };
		3CF4900F291A7665002E55A8 /* BranchDetailsViewControllerProtocol.swift */ = {isa = PBXFileReference; lastKnownFileType = sourcecode.swift; path = BranchDetailsViewControllerProtocol.swift; sourceTree = "<group>"; };
		3CF49011291A76D6002E55A8 /* BranchDetails.swift */ = {isa = PBXFileReference; lastKnownFileType = sourcecode.swift; path = BranchDetails.swift; sourceTree = "<group>"; };
		3CF49017291A7FD8002E55A8 /* en */ = {isa = PBXFileReference; lastKnownFileType = text.plist.strings; name = en; path = en.lproj/BranchDetailsViewController.strings; sourceTree = "<group>"; };
		3CF49019291A8604002E55A8 /* BranchDetailsInteractor.swift */ = {isa = PBXFileReference; lastKnownFileType = sourcecode.swift; path = BranchDetailsInteractor.swift; sourceTree = "<group>"; };
		3CF4901C291A8B1B002E55A8 /* BranchDetailsConfigrator.swift */ = {isa = PBXFileReference; lastKnownFileType = sourcecode.swift; path = BranchDetailsConfigrator.swift; sourceTree = "<group>"; };
		3CF4901F291A8CE5002E55A8 /* BranchDetailsRouter.swift */ = {isa = PBXFileReference; lastKnownFileType = sourcecode.swift; path = BranchDetailsRouter.swift; sourceTree = "<group>"; };
/* End PBXFileReference section */

/* Begin PBXFrameworksBuildPhase section */
		3C3671E729179FAE00DBCA4C /* Frameworks */ = {
			isa = PBXFrameworksBuildPhase;
			buildActionMask = 2147483647;
			files = (
				3CF49015291A7F82002E55A8 /* Alamofire in Frameworks */,
			);
			runOnlyForDeploymentPostprocessing = 0;
		};
/* End PBXFrameworksBuildPhase section */

/* Begin PBXGroup section */
		3C02F7CF291CFA5C00DB6636 /* Delegate */ = {
			isa = PBXGroup;
			children = (
				3C02F7D0291CFA6400DB6636 /* PickerView */,
			);
			path = Delegate;
			sourceTree = "<group>";
		};
		3C02F7D0291CFA6400DB6636 /* PickerView */ = {
			isa = PBXGroup;
			children = (
				3C02F7D1291CFA7800DB6636 /* PickerViewDelegate.swift */,
			);
			path = PickerView;
			sourceTree = "<group>";
		};
		3C02F7D3291D22E600DB6636 /* Interactor */ = {
			isa = PBXGroup;
			children = (
				3C02F7D7291D231600DB6636 /* AddBranchInteractor.swift */,
			);
			path = Interactor;
			sourceTree = "<group>";
		};
		3C02F7D4291D22EE00DB6636 /* Presenter */ = {
			isa = PBXGroup;
			children = (
				3C02F7D5291D230600DB6636 /* AddBranchPresenter.swift */,
			);
			path = Presenter;
			sourceTree = "<group>";
		};
		3C02F7DD291D3FB400DB6636 /* Configrator */ = {
			isa = PBXGroup;
			children = (
				3C02F7DE291D3FCC00DB6636 /* AddBranchConfigrator.swift */,
			);
			path = Configrator;
			sourceTree = "<group>";
		};
		3C3671E129179FAE00DBCA4C = {
			isa = PBXGroup;
			children = (
				3C36721A2917A5D600DBCA4C /* swiftgen.yml */,
				3C3671EC29179FAE00DBCA4C /* iOS_Rasid */,
				3C3671EB29179FAE00DBCA4C /* Products */,
			);
			sourceTree = "<group>";
		};
		3C3671EB29179FAE00DBCA4C /* Products */ = {
			isa = PBXGroup;
			children = (
				3C3671EA29179FAE00DBCA4C /* iOS_Rasid.app */,
			);
			name = Products;
			sourceTree = "<group>";
		};
		3C3671EC29179FAE00DBCA4C /* iOS_Rasid */ = {
			isa = PBXGroup;
			children = (
				3C3672012917A05C00DBCA4C /* AppDelegate + SceneDelegate */,
				3C3672122917A18000DBCA4C /* Storyboard */,
				3CF43AB52918FC0500A4F4B5 /* Extension */,
				3C3672092917A0E300DBCA4C /* Resources */,
				3CA30319291BE35100DCECBF /* Custom */,
				3C3672142917A21000DBCA4C /* Clients */,
				3C3672132917A20700DBCA4C /* Services */,
				3C3672072917A0C900DBCA4C /* Modules */,
			);
			path = iOS_Rasid;
			sourceTree = "<group>";
		};
		3C3672012917A05C00DBCA4C /* AppDelegate + SceneDelegate */ = {
			isa = PBXGroup;
			children = (
				3C3671ED29179FAE00DBCA4C /* AppDelegate.swift */,
				3C3671EF29179FAE00DBCA4C /* SceneDelegate.swift */,
				3C3672022917A08800DBCA4C /* AppDelegate + Extension.swift */,
				3C3672042917A0A200DBCA4C /* SceneDelegate + Extension.swift */,
			);
			path = "AppDelegate + SceneDelegate";
			sourceTree = "<group>";
		};
		3C3672072917A0C900DBCA4C /* Modules */ = {
			isa = PBXGroup;
			children = (
				3C3672082917A0D300DBCA4C /* AddBranch */,
			);
			path = Modules;
			sourceTree = "<group>";
		};
		3C3672082917A0D300DBCA4C /* AddBranch */ = {
			isa = PBXGroup;
			children = (
				3C3672102917A16000DBCA4C /* Scenes */,
				3C3672112917A16600DBCA4C /* Models */,
			);
			path = AddBranch;
			sourceTree = "<group>";
		};
		3C3672092917A0E300DBCA4C /* Resources */ = {
			isa = PBXGroup;
			children = (
				3C36720C2917A0F900DBCA4C /* Constants */,
				3C36720B2917A0F000DBCA4C /* Assets */,
				3C36720A2917A0EA00DBCA4C /* Plist */,
			);
			path = Resources;
			sourceTree = "<group>";
		};
		3C36720A2917A0EA00DBCA4C /* Plist */ = {
			isa = PBXGroup;
			children = (
				3C3671FB29179FB000DBCA4C /* Info.plist */,
			);
			path = Plist;
			sourceTree = "<group>";
		};
		3C36720B2917A0F000DBCA4C /* Assets */ = {
			isa = PBXGroup;
			children = (
				3CF43AB829192CC600A4F4B5 /* Strings */,
				3C36720F2917A11000DBCA4C /* Colors */,
				3C36720E2917A10600DBCA4C /* Fonts */,
				3C36720D2917A10000DBCA4C /* Images */,
			);
			path = Assets;
			sourceTree = "<group>";
		};
		3C36720C2917A0F900DBCA4C /* Constants */ = {
			isa = PBXGroup;
			children = (
				3C3672152917A40A00DBCA4C /* Constants.swift */,
			);
			path = Constants;
			sourceTree = "<group>";
		};
		3C36720D2917A10000DBCA4C /* Images */ = {
			isa = PBXGroup;
			children = (
				3C36721C2917A8A900DBCA4C /* Assets.swift */,
				3C3671F629179FB000DBCA4C /* Assets.xcassets */,
			);
			path = Images;
			sourceTree = "<group>";
		};
		3C36720E2917A10600DBCA4C /* Fonts */ = {
			isa = PBXGroup;
			children = (
				3C3672202917AA1D00DBCA4C /* Cairo */,
				3C36721E2917A8E100DBCA4C /* Fonts.swift */,
			);
			path = Fonts;
			sourceTree = "<group>";
		};
		3C36720F2917A11000DBCA4C /* Colors */ = {
			isa = PBXGroup;
			children = (
				3CF43AB629191E1C00A4F4B5 /* Colors.txt */,
				3CD59B402918F39D005BEEF3 /* Colors.swift */,
			);
			path = Colors;
			sourceTree = "<group>";
		};
		3C3672102917A16000DBCA4C /* Scenes */ = {
			isa = PBXGroup;
			children = (
				3CA30312291BD5C800DCECBF /* AddBranch */,
				3CB8B1A7291A4750005E7497 /* BranchDetails */,
				3C36724F2917F0AC00DBCA4C /* Branchs */,
			);
			path = Scenes;
			sourceTree = "<group>";
		};
		3C3672112917A16600DBCA4C /* Models */ = {
			isa = PBXGroup;
			children = (
				3C36723E2917DB7100DBCA4C /* Entities */,
				3C36723F2917DB8200DBCA4C /* ServerResponse.swift */,
				3C3672432917DCBF00DBCA4C /* Branch.swift */,
				3CF49011291A76D6002E55A8 /* BranchDetails.swift */,
				3C02F7D9291D279E00DB6636 /* AddBranch.swift */,
			);
			path = Models;
			sourceTree = "<group>";
		};
		3C3672122917A18000DBCA4C /* Storyboard */ = {
			isa = PBXGroup;
			children = (
				3C3671F829179FB000DBCA4C /* LaunchScreen.storyboard */,
			);
			path = Storyboard;
			sourceTree = "<group>";
		};
		3C3672132917A20700DBCA4C /* Services */ = {
			isa = PBXGroup;
			children = (
				3C3672452917E0FE00DBCA4C /* Branchs */,
			);
			path = Services;
			sourceTree = "<group>";
		};
		3C3672142917A21000DBCA4C /* Clients */ = {
			isa = PBXGroup;
			children = (
				3C3672342917ACEC00DBCA4C /* API */,
			);
			path = Clients;
			sourceTree = "<group>";
		};
		3C3672202917AA1D00DBCA4C /* Cairo */ = {
			isa = PBXGroup;
			children = (
				3C3672222917AA7600DBCA4C /* Cairo-Black.ttf */,
				3C3672252917AA7600DBCA4C /* Cairo-Bold.ttf */,
				3C3672212917AA7600DBCA4C /* Cairo-Light.ttf */,
				3C3672282917AA7600DBCA4C /* Cairo-Medium.ttf */,
				3C3672272917AA7600DBCA4C /* Cairo-Regular.ttf */,
			);
			path = Cairo;
			sourceTree = "<group>";
		};
		3C3672342917ACEC00DBCA4C /* API */ = {
			isa = PBXGroup;
			children = (
				3C3672352917ACEC00DBCA4C /* APIClient.swift */,
				3C3672362917ACEC00DBCA4C /* APIRouter */,
			);
			path = API;
			sourceTree = "<group>";
		};
		3C3672362917ACEC00DBCA4C /* APIRouter */ = {
			isa = PBXGroup;
			children = (
				3C3672372917ACEC00DBCA4C /* APIRouter.swift */,
				3C3672382917ACEC00DBCA4C /* APIRouterProtocol.swift */,
			);
			path = APIRouter;
			sourceTree = "<group>";
		};
		3C36723E2917DB7100DBCA4C /* Entities */ = {
			isa = PBXGroup;
			children = (
				3C36723C2917DA7800DBCA4C /* BranchEntity.swift */,
				3C36724D2917E4EF00DBCA4C /* BranchDetailsEntity.swift */,
			);
			path = Entities;
			sourceTree = "<group>";
		};
		3C3672452917E0FE00DBCA4C /* Branchs */ = {
			isa = PBXGroup;
			children = (
				3C3672482917E26E00DBCA4C /* RemoteBranchs */,
				3C3672462917E1CB00DBCA4C /* BranchsGateway.swift */,
				3C36724B2917E2F200DBCA4C /* BranchsService.swift */,
			);
			path = Branchs;
			sourceTree = "<group>";
		};
		3C3672482917E26E00DBCA4C /* RemoteBranchs */ = {
			isa = PBXGroup;
			children = (
				3C3672492917E29800DBCA4C /* RemoteBranchsRepository.swift */,
			);
			path = RemoteBranchs;
			sourceTree = "<group>";
		};
		3C36724F2917F0AC00DBCA4C /* Branchs */ = {
			isa = PBXGroup;
			children = (
				3CB8B1A4291A472E005E7497 /* Router */,
				3CF43ACC29194A4B00A4F4B5 /* Configrator */,
				3CF43AC42919316C00A4F4B5 /* Presenter */,
				3CF43AC32919315A00A4F4B5 /* Interactor */,
				3C3672542917F6BB00DBCA4C /* View */,
			);
			path = Branchs;
			sourceTree = "<group>";
		};
		3C3672542917F6BB00DBCA4C /* View */ = {
			isa = PBXGroup;
			children = (
				3CD59B3A2918ECAF005BEEF3 /* BranchsTableView */,
				3CF43AC52919319300A4F4B5 /* ViewController */,
			);
			path = View;
			sourceTree = "<group>";
		};
		3C3672562918E50E00DBCA4C /* BranchCell */ = {
			isa = PBXGroup;
			children = (
				3C3672572918E54300DBCA4C /* BranchCell.swift */,
				3C3672582918E54300DBCA4C /* BranchCell.xib */,
			);
			path = BranchCell;
			sourceTree = "<group>";
		};
		3CA30312291BD5C800DCECBF /* AddBranch */ = {
			isa = PBXGroup;
			children = (
				3C02F7DD291D3FB400DB6636 /* Configrator */,
				3C02F7D4291D22EE00DB6636 /* Presenter */,
				3C02F7D3291D22E600DB6636 /* Interactor */,
				3CA30313291BD5ED00DCECBF /* View */,
			);
			path = AddBranch;
			sourceTree = "<group>";
		};
		3CA30313291BD5ED00DCECBF /* View */ = {
			isa = PBXGroup;
			children = (
				3CA30314291BD5F200DCECBF /* ViewController */,
			);
			path = View;
			sourceTree = "<group>";
		};
		3CA30314291BD5F200DCECBF /* ViewController */ = {
			isa = PBXGroup;
			children = (
				3C02F7CF291CFA5C00DB6636 /* Delegate */,
				3CA30315291BD60D00DCECBF /* AddBranchViewController.swift */,
				3CA30316291BD60D00DCECBF /* AddBranchViewController.xib */,
				3C02F7DB291D3ECA00DB6636 /* AddBranchViewControllerProtocol.swift */,
			);
			path = ViewController;
			sourceTree = "<group>";
		};
		3CA30319291BE35100DCECBF /* Custom */ = {
			isa = PBXGroup;
			children = (
				3CA3031A291BE36100DCECBF /* View */,
			);
			path = Custom;
			sourceTree = "<group>";
		};
		3CA3031A291BE36100DCECBF /* View */ = {
			isa = PBXGroup;
			children = (
				3CA3031B291BE37400DCECBF /* PickerView */,
			);
			path = View;
			sourceTree = "<group>";
		};
		3CA3031B291BE37400DCECBF /* PickerView */ = {
			isa = PBXGroup;
			children = (
				3CA3031C291BE3B400DCECBF /* RJPickerView.swift */,
				3CA30320291BF03B00DCECBF /* RJPickerView.xib */,
			);
			path = PickerView;
			sourceTree = "<group>";
		};
		3CB8B1A4291A472E005E7497 /* Router */ = {
			isa = PBXGroup;
			children = (
				3CB8B1A5291A472E005E7497 /* BranchsRouter.swift */,
			);
			path = Router;
			sourceTree = "<group>";
		};
		3CB8B1A7291A4750005E7497 /* BranchDetails */ = {
			isa = PBXGroup;
			children = (
				3CF4901E291A8CD2002E55A8 /* Router */,
				3CF4901B291A8AFC002E55A8 /* Configrator */,
				3CF49018291A85EA002E55A8 /* Interactor */,
				3CB8B1A9291A4767005E7497 /* Presenter */,
				3CB8B1A8291A4762005E7497 /* View */,
			);
			path = BranchDetails;
			sourceTree = "<group>";
		};
		3CB8B1A8291A4762005E7497 /* View */ = {
			isa = PBXGroup;
			children = (
				3CB8B1AA291A482B005E7497 /* View Controller */,
			);
			path = View;
			sourceTree = "<group>";
		};
		3CB8B1A9291A4767005E7497 /* Presenter */ = {
			isa = PBXGroup;
			children = (
				3CF4900D291A7506002E55A8 /* BranchDetailsPresenter.swift */,
			);
			path = Presenter;
			sourceTree = "<group>";
		};
		3CB8B1AA291A482B005E7497 /* View Controller */ = {
			isa = PBXGroup;
			children = (
				3CB8B1AF291A48A8005E7497 /* BranchDetailsViewController.swift */,
				3CF49000291A5F1A002E55A8 /* BranchDetailsViewController.xib */,
				3CF4900F291A7665002E55A8 /* BranchDetailsViewControllerProtocol.swift */,
			);
			path = "View Controller";
			sourceTree = "<group>";
		};
		3CD59B3A2918ECAF005BEEF3 /* BranchsTableView */ = {
			isa = PBXGroup;
			children = (
				3CD59B3B2918ECC6005BEEF3 /* Delegate */,
				3C3672562918E50E00DBCA4C /* BranchCell */,
			);
			path = BranchsTableView;
			sourceTree = "<group>";
		};
		3CD59B3B2918ECC6005BEEF3 /* Delegate */ = {
			isa = PBXGroup;
			children = (
				3CD59B3C2918ECDF005BEEF3 /* BranchsTableViewDelegate.swift */,
			);
			path = Delegate;
			sourceTree = "<group>";
		};
		3CF43AB52918FC0500A4F4B5 /* Extension */ = {
			isa = PBXGroup;
			children = (
			);
			path = Extension;
			sourceTree = "<group>";
		};
		3CF43AB829192CC600A4F4B5 /* Strings */ = {
			isa = PBXGroup;
			children = (
				3CF43AC029192FC700A4F4B5 /* Strings.swift */,
				3CF43ABD29192D2000A4F4B5 /* Localizable.strings */,
			);
			path = Strings;
			sourceTree = "<group>";
		};
		3CF43AC32919315A00A4F4B5 /* Interactor */ = {
			isa = PBXGroup;
			children = (
				3CF43AC6291931BF00A4F4B5 /* BranchsInteractor.swift */,
			);
			path = Interactor;
			sourceTree = "<group>";
		};
		3CF43AC42919316C00A4F4B5 /* Presenter */ = {
			isa = PBXGroup;
			children = (
				3CF43ACA291932A100A4F4B5 /* BranchsPresenter.swift */,
			);
			path = Presenter;
			sourceTree = "<group>";
		};
		3CF43AC52919319300A4F4B5 /* ViewController */ = {
			isa = PBXGroup;
			children = (
				3C3672502917F0C200DBCA4C /* BranchsViewController.swift */,
				3C3672512917F0C200DBCA4C /* BranchsViewController.xib */,
				3CF43AC82919322600A4F4B5 /* BranchsViewControllerProtocol.swift */,
			);
			path = ViewController;
			sourceTree = "<group>";
		};
		3CF43ACC29194A4B00A4F4B5 /* Configrator */ = {
			isa = PBXGroup;
			children = (
				3CF43ACD29194A6400A4F4B5 /* BranchsConfigrator.swift */,
			);
			path = Configrator;
			sourceTree = "<group>";
		};
		3CF49018291A85EA002E55A8 /* Interactor */ = {
			isa = PBXGroup;
			children = (
				3CF49019291A8604002E55A8 /* BranchDetailsInteractor.swift */,
			);
			path = Interactor;
			sourceTree = "<group>";
		};
		3CF4901B291A8AFC002E55A8 /* Configrator */ = {
			isa = PBXGroup;
			children = (
				3CF4901C291A8B1B002E55A8 /* BranchDetailsConfigrator.swift */,
			);
			path = Configrator;
			sourceTree = "<group>";
		};
		3CF4901E291A8CD2002E55A8 /* Router */ = {
			isa = PBXGroup;
			children = (
				3CF4901F291A8CE5002E55A8 /* BranchDetailsRouter.swift */,
			);
			path = Router;
			sourceTree = "<group>";
		};
/* End PBXGroup section */

/* Begin PBXNativeTarget section */
		3C3671E929179FAE00DBCA4C /* iOS_Rasid */ = {
			isa = PBXNativeTarget;
			buildConfigurationList = 3C3671FE29179FB000DBCA4C /* Build configuration list for PBXNativeTarget "iOS_Rasid" */;
			buildPhases = (
				3C3672192917A4D800DBCA4C /* SwiftLint */,
				3C3672182917A4CB00DBCA4C /* SwiftGen */,
				3C3671E629179FAE00DBCA4C /* Sources */,
				3C3671E729179FAE00DBCA4C /* Frameworks */,
				3C3671E829179FAE00DBCA4C /* Resources */,
			);
			buildRules = (
			);
			dependencies = (
			);
			name = iOS_Rasid;
			packageProductDependencies = (
				3CF49014291A7F82002E55A8 /* Alamofire */,
			);
			productName = iOS_Rasid;
			productReference = 3C3671EA29179FAE00DBCA4C /* iOS_Rasid.app */;
			productType = "com.apple.product-type.application";
		};
/* End PBXNativeTarget section */

/* Begin PBXProject section */
		3C3671E229179FAE00DBCA4C /* Project object */ = {
			isa = PBXProject;
			attributes = {
				BuildIndependentTargetsInParallel = 1;
				LastSwiftUpdateCheck = 1400;
				LastUpgradeCheck = 1400;
				TargetAttributes = {
					3C3671E929179FAE00DBCA4C = {
						CreatedOnToolsVersion = 14.0.1;
					};
				};
			};
			buildConfigurationList = 3C3671E529179FAE00DBCA4C /* Build configuration list for PBXProject "iOS_Rasid" */;
			compatibilityVersion = "Xcode 14.0";
			developmentRegion = en;
			hasScannedForEncodings = 0;
			knownRegions = (
				en,
				Base,
				ar,
			);
			mainGroup = 3C3671E129179FAE00DBCA4C;
			packageReferences = (
				3CF49013291A7F82002E55A8 /* XCRemoteSwiftPackageReference "Alamofire" */,
			);
			productRefGroup = 3C3671EB29179FAE00DBCA4C /* Products */;
			projectDirPath = "";
			projectRoot = "";
			targets = (
				3C3671E929179FAE00DBCA4C /* iOS_Rasid */,
			);
		};
/* End PBXProject section */

/* Begin PBXResourcesBuildPhase section */
		3C3671E829179FAE00DBCA4C /* Resources */ = {
			isa = PBXResourcesBuildPhase;
			buildActionMask = 2147483647;
			files = (
				3CA30318291BD60D00DCECBF /* AddBranchViewController.xib in Resources */,
				3CF43AB729191E1C00A4F4B5 /* Colors.txt in Resources */,
				3CA30321291BF03C00DCECBF /* RJPickerView.xib in Resources */,
				3CF43ABB29192D2000A4F4B5 /* Localizable.strings in Resources */,
				3C3672532917F0C200DBCA4C /* BranchsViewController.xib in Resources */,
				3C3672302917AA7600DBCA4C /* Cairo-Medium.ttf in Resources */,
				3C3671FA29179FB000DBCA4C /* LaunchScreen.storyboard in Resources */,
				3C3671F729179FB000DBCA4C /* Assets.xcassets in Resources */,
				3C36722F2917AA7600DBCA4C /* Cairo-Regular.ttf in Resources */,
				3C36722A2917AA7600DBCA4C /* Cairo-Black.ttf in Resources */,
				3C3672292917AA7600DBCA4C /* Cairo-Light.ttf in Resources */,
				3C36725A2918E54300DBCA4C /* BranchCell.xib in Resources */,
				3C36722D2917AA7600DBCA4C /* Cairo-Bold.ttf in Resources */,
				3C36721B2917A5D600DBCA4C /* swiftgen.yml in Resources */,
				3CF48FFE291A5F1A002E55A8 /* BranchDetailsViewController.xib in Resources */,
			);
			runOnlyForDeploymentPostprocessing = 0;
		};
/* End PBXResourcesBuildPhase section */

/* Begin PBXShellScriptBuildPhase section */
		3C3672182917A4CB00DBCA4C /* SwiftGen */ = {
			isa = PBXShellScriptBuildPhase;
			alwaysOutOfDate = 1;
			buildActionMask = 2147483647;
			files = (
			);
			inputFileListPaths = (
			);
			inputPaths = (
			);
			name = SwiftGen;
			outputFileListPaths = (
			);
			outputPaths = (
			);
			runOnlyForDeploymentPostprocessing = 0;
			shellPath = /bin/sh;
			shellScript = "export PATH=\"$PATH:/opt/homebrew/bin\"\nif which swiftgen > /dev/null; then\n  swiftgen\nelse\n  echo \"warning: Swiftgen not installed\"\nfi\n";
		};
		3C3672192917A4D800DBCA4C /* SwiftLint */ = {
			isa = PBXShellScriptBuildPhase;
			alwaysOutOfDate = 1;
			buildActionMask = 2147483647;
			files = (
			);
			inputFileListPaths = (
			);
			inputPaths = (
			);
			name = SwiftLint;
			outputFileListPaths = (
			);
			outputPaths = (
			);
			runOnlyForDeploymentPostprocessing = 0;
			shellPath = /bin/sh;
			shellScript = "export PATH=\"$PATH:/opt/homebrew/bin\"\nif which swiftlint > /dev/null; then\n  swiftlint\nelse\n  echo \"warning: SwiftLint not installed\"\nfi\n";
		};
/* End PBXShellScriptBuildPhase section */

/* Begin PBXSourcesBuildPhase section */
		3C3671E629179FAE00DBCA4C /* Sources */ = {
			isa = PBXSourcesBuildPhase;
			buildActionMask = 2147483647;
			files = (
				3C36723D2917DA7900DBCA4C /* BranchEntity.swift in Sources */,
				3CD59B412918F39D005BEEF3 /* Colors.swift in Sources */,
				3C36721F2917A8E100DBCA4C /* Fonts.swift in Sources */,
				3C36724E2917E4EF00DBCA4C /* BranchDetailsEntity.swift in Sources */,
				3C02F7DF291D3FCC00DB6636 /* AddBranchConfigrator.swift in Sources */,
				3CF43AC92919322600A4F4B5 /* BranchsViewControllerProtocol.swift in Sources */,
				3CB8B1B1291A48A8005E7497 /* BranchDetailsViewController.swift in Sources */,
				3C36723A2917ACEC00DBCA4C /* APIRouter.swift in Sources */,
				3CF49020291A8CE5002E55A8 /* BranchDetailsRouter.swift in Sources */,
				3CF4901A291A8604002E55A8 /* BranchDetailsInteractor.swift in Sources */,
				3C3672402917DB8200DBCA4C /* ServerResponse.swift in Sources */,
				3CF43ACE29194A6400A4F4B5 /* BranchsConfigrator.swift in Sources */,
				3C3672032917A08800DBCA4C /* AppDelegate + Extension.swift in Sources */,
				3C02F7D6291D230600DB6636 /* AddBranchPresenter.swift in Sources */,
				3C02F7D8291D231600DB6636 /* AddBranchInteractor.swift in Sources */,
				3CF49010291A7665002E55A8 /* BranchDetailsViewControllerProtocol.swift in Sources */,
				3CF43ACB291932A100A4F4B5 /* BranchsPresenter.swift in Sources */,
				3CD59B3D2918ECDF005BEEF3 /* BranchsTableViewDelegate.swift in Sources */,
				3C02F7DA291D279E00DB6636 /* AddBranch.swift in Sources */,
				3C36721D2917A8A900DBCA4C /* Assets.swift in Sources */,
				3C02F7D2291CFA7800DB6636 /* PickerViewDelegate.swift in Sources */,
				3C02F7DC291D3ECA00DB6636 /* AddBranchViewControllerProtocol.swift in Sources */,
				3CF49012291A76D6002E55A8 /* BranchDetails.swift in Sources */,
				3C3672472917E1CB00DBCA4C /* BranchsGateway.swift in Sources */,
				3C3672592918E54300DBCA4C /* BranchCell.swift in Sources */,
				3C3671EE29179FAE00DBCA4C /* AppDelegate.swift in Sources */,
				3C3672052917A0A200DBCA4C /* SceneDelegate + Extension.swift in Sources */,
				3C3672522917F0C200DBCA4C /* BranchsViewController.swift in Sources */,
				3C3671F029179FAE00DBCA4C /* SceneDelegate.swift in Sources */,
				3C36724A2917E29800DBCA4C /* RemoteBranchsRepository.swift in Sources */,
				3C3672162917A40A00DBCA4C /* Constants.swift in Sources */,
				3C36724C2917E2F200DBCA4C /* BranchsService.swift in Sources */,
				3CF4901D291A8B1B002E55A8 /* BranchDetailsConfigrator.swift in Sources */,
				3CF4900E291A7506002E55A8 /* BranchDetailsPresenter.swift in Sources */,
				3C36723B2917ACEC00DBCA4C /* APIRouterProtocol.swift in Sources */,
				3CB8B1A6291A472E005E7497 /* BranchsRouter.swift in Sources */,
				3CA3031D291BE3B400DCECBF /* RJPickerView.swift in Sources */,
				3C3672392917ACEC00DBCA4C /* APIClient.swift in Sources */,
				3C3672442917DCBF00DBCA4C /* Branch.swift in Sources */,
				3CF43AC7291931BF00A4F4B5 /* BranchsInteractor.swift in Sources */,
				3CF43AC129192FC700A4F4B5 /* Strings.swift in Sources */,
				3CA30317291BD60D00DCECBF /* AddBranchViewController.swift in Sources */,
			);
			runOnlyForDeploymentPostprocessing = 0;
		};
/* End PBXSourcesBuildPhase section */

/* Begin PBXVariantGroup section */
		3C3671F829179FB000DBCA4C /* LaunchScreen.storyboard */ = {
			isa = PBXVariantGroup;
			children = (
				3C3671F929179FB000DBCA4C /* Base */,
				3CF43ABE29192D4100A4F4B5 /* ar */,
			);
			name = LaunchScreen.storyboard;
			sourceTree = "<group>";
		};
		3CF43ABD29192D2000A4F4B5 /* Localizable.strings */ = {
			isa = PBXVariantGroup;
			children = (
				3CF43ABC29192D2000A4F4B5 /* en */,
				3CF43ABF29192D4100A4F4B5 /* ar */,
			);
			name = Localizable.strings;
			sourceTree = "<group>";
		};
		3CF49000291A5F1A002E55A8 /* BranchDetailsViewController.xib */ = {
			isa = PBXVariantGroup;
			children = (
				3CF48FFF291A5F1A002E55A8 /* Base */,
				3CF4900A291A60A9002E55A8 /* ar */,
				3CF49017291A7FD8002E55A8 /* en */,
			);
			name = BranchDetailsViewController.xib;
			sourceTree = "<group>";
		};
/* End PBXVariantGroup section */

/* Begin XCBuildConfiguration section */
		3C3671FC29179FB000DBCA4C /* Debug */ = {
			isa = XCBuildConfiguration;
			buildSettings = {
				ALWAYS_SEARCH_USER_PATHS = NO;
				CLANG_ANALYZER_LOCALIZABILITY_NONLOCALIZED = YES;
				CLANG_ANALYZER_NONNULL = YES;
				CLANG_ANALYZER_NUMBER_OBJECT_CONVERSION = YES_AGGRESSIVE;
				CLANG_CXX_LANGUAGE_STANDARD = "gnu++20";
				CLANG_ENABLE_MODULES = YES;
				CLANG_ENABLE_OBJC_ARC = YES;
				CLANG_ENABLE_OBJC_WEAK = YES;
				CLANG_WARN_BLOCK_CAPTURE_AUTORELEASING = YES;
				CLANG_WARN_BOOL_CONVERSION = YES;
				CLANG_WARN_COMMA = YES;
				CLANG_WARN_CONSTANT_CONVERSION = YES;
				CLANG_WARN_DEPRECATED_OBJC_IMPLEMENTATIONS = YES;
				CLANG_WARN_DIRECT_OBJC_ISA_USAGE = YES_ERROR;
				CLANG_WARN_DOCUMENTATION_COMMENTS = YES;
				CLANG_WARN_EMPTY_BODY = YES;
				CLANG_WARN_ENUM_CONVERSION = YES;
				CLANG_WARN_INFINITE_RECURSION = YES;
				CLANG_WARN_INT_CONVERSION = YES;
				CLANG_WARN_NON_LITERAL_NULL_CONVERSION = YES;
				CLANG_WARN_OBJC_IMPLICIT_RETAIN_SELF = YES;
				CLANG_WARN_OBJC_LITERAL_CONVERSION = YES;
				CLANG_WARN_OBJC_ROOT_CLASS = YES_ERROR;
				CLANG_WARN_QUOTED_INCLUDE_IN_FRAMEWORK_HEADER = YES;
				CLANG_WARN_RANGE_LOOP_ANALYSIS = YES;
				CLANG_WARN_STRICT_PROTOTYPES = YES;
				CLANG_WARN_SUSPICIOUS_MOVE = YES;
				CLANG_WARN_UNGUARDED_AVAILABILITY = YES_AGGRESSIVE;
				CLANG_WARN_UNREACHABLE_CODE = YES;
				CLANG_WARN__DUPLICATE_METHOD_MATCH = YES;
				COPY_PHASE_STRIP = NO;
				DEBUG_INFORMATION_FORMAT = dwarf;
				ENABLE_STRICT_OBJC_MSGSEND = YES;
				ENABLE_TESTABILITY = YES;
				GCC_C_LANGUAGE_STANDARD = gnu11;
				GCC_DYNAMIC_NO_PIC = NO;
				GCC_NO_COMMON_BLOCKS = YES;
				GCC_OPTIMIZATION_LEVEL = 0;
				GCC_PREPROCESSOR_DEFINITIONS = (
					"DEBUG=1",
					"$(inherited)",
				);
				GCC_WARN_64_TO_32_BIT_CONVERSION = YES;
				GCC_WARN_ABOUT_RETURN_TYPE = YES_ERROR;
				GCC_WARN_UNDECLARED_SELECTOR = YES;
				GCC_WARN_UNINITIALIZED_AUTOS = YES_AGGRESSIVE;
				GCC_WARN_UNUSED_FUNCTION = YES;
				GCC_WARN_UNUSED_VARIABLE = YES;
				IPHONEOS_DEPLOYMENT_TARGET = 16.0;
				MTL_ENABLE_DEBUG_INFO = INCLUDE_SOURCE;
				MTL_FAST_MATH = YES;
				ONLY_ACTIVE_ARCH = YES;
				SDKROOT = iphoneos;
				SWIFT_ACTIVE_COMPILATION_CONDITIONS = DEBUG;
				SWIFT_OPTIMIZATION_LEVEL = "-Onone";
			};
			name = Debug;
		};
		3C3671FD29179FB000DBCA4C /* Release */ = {
			isa = XCBuildConfiguration;
			buildSettings = {
				ALWAYS_SEARCH_USER_PATHS = NO;
				CLANG_ANALYZER_LOCALIZABILITY_NONLOCALIZED = YES;
				CLANG_ANALYZER_NONNULL = YES;
				CLANG_ANALYZER_NUMBER_OBJECT_CONVERSION = YES_AGGRESSIVE;
				CLANG_CXX_LANGUAGE_STANDARD = "gnu++20";
				CLANG_ENABLE_MODULES = YES;
				CLANG_ENABLE_OBJC_ARC = YES;
				CLANG_ENABLE_OBJC_WEAK = YES;
				CLANG_WARN_BLOCK_CAPTURE_AUTORELEASING = YES;
				CLANG_WARN_BOOL_CONVERSION = YES;
				CLANG_WARN_COMMA = YES;
				CLANG_WARN_CONSTANT_CONVERSION = YES;
				CLANG_WARN_DEPRECATED_OBJC_IMPLEMENTATIONS = YES;
				CLANG_WARN_DIRECT_OBJC_ISA_USAGE = YES_ERROR;
				CLANG_WARN_DOCUMENTATION_COMMENTS = YES;
				CLANG_WARN_EMPTY_BODY = YES;
				CLANG_WARN_ENUM_CONVERSION = YES;
				CLANG_WARN_INFINITE_RECURSION = YES;
				CLANG_WARN_INT_CONVERSION = YES;
				CLANG_WARN_NON_LITERAL_NULL_CONVERSION = YES;
				CLANG_WARN_OBJC_IMPLICIT_RETAIN_SELF = YES;
				CLANG_WARN_OBJC_LITERAL_CONVERSION = YES;
				CLANG_WARN_OBJC_ROOT_CLASS = YES_ERROR;
				CLANG_WARN_QUOTED_INCLUDE_IN_FRAMEWORK_HEADER = YES;
				CLANG_WARN_RANGE_LOOP_ANALYSIS = YES;
				CLANG_WARN_STRICT_PROTOTYPES = YES;
				CLANG_WARN_SUSPICIOUS_MOVE = YES;
				CLANG_WARN_UNGUARDED_AVAILABILITY = YES_AGGRESSIVE;
				CLANG_WARN_UNREACHABLE_CODE = YES;
				CLANG_WARN__DUPLICATE_METHOD_MATCH = YES;
				COPY_PHASE_STRIP = NO;
				DEBUG_INFORMATION_FORMAT = "dwarf-with-dsym";
				ENABLE_NS_ASSERTIONS = NO;
				ENABLE_STRICT_OBJC_MSGSEND = YES;
				GCC_C_LANGUAGE_STANDARD = gnu11;
				GCC_NO_COMMON_BLOCKS = YES;
				GCC_WARN_64_TO_32_BIT_CONVERSION = YES;
				GCC_WARN_ABOUT_RETURN_TYPE = YES_ERROR;
				GCC_WARN_UNDECLARED_SELECTOR = YES;
				GCC_WARN_UNINITIALIZED_AUTOS = YES_AGGRESSIVE;
				GCC_WARN_UNUSED_FUNCTION = YES;
				GCC_WARN_UNUSED_VARIABLE = YES;
				IPHONEOS_DEPLOYMENT_TARGET = 16.0;
				MTL_ENABLE_DEBUG_INFO = NO;
				MTL_FAST_MATH = YES;
				SDKROOT = iphoneos;
				SWIFT_COMPILATION_MODE = wholemodule;
				SWIFT_OPTIMIZATION_LEVEL = "-O";
				VALIDATE_PRODUCT = YES;
			};
			name = Release;
		};
		3C3671FF29179FB000DBCA4C /* Debug */ = {
			isa = XCBuildConfiguration;
			buildSettings = {
				ASSETCATALOG_COMPILER_APPICON_NAME = AppIcon;
				ASSETCATALOG_COMPILER_GLOBAL_ACCENT_COLOR_NAME = AccentColor;
				CODE_SIGN_STYLE = Automatic;
				CURRENT_PROJECT_VERSION = 1;
				GENERATE_INFOPLIST_FILE = YES;
				INFOPLIST_FILE = iOS_Rasid/Resources/Plist/Info.plist;
				INFOPLIST_KEY_UIApplicationSupportsIndirectInputEvents = YES;
				INFOPLIST_KEY_UILaunchStoryboardName = LaunchScreen;
				INFOPLIST_KEY_UISupportedInterfaceOrientations_iPad = "UIInterfaceOrientationPortrait UIInterfaceOrientationPortraitUpsideDown UIInterfaceOrientationLandscapeLeft UIInterfaceOrientationLandscapeRight";
				INFOPLIST_KEY_UISupportedInterfaceOrientations_iPhone = "UIInterfaceOrientationPortrait UIInterfaceOrientationLandscapeLeft UIInterfaceOrientationLandscapeRight";
				LD_RUNPATH_SEARCH_PATHS = (
					"$(inherited)",
					"@executable_path/Frameworks",
				);
				MARKETING_VERSION = 1.0;
				PRODUCT_BUNDLE_IDENTIFIER = "abd2lrady.iOS-Rasid";
				PRODUCT_NAME = "$(TARGET_NAME)";
				SWIFT_EMIT_LOC_STRINGS = YES;
				SWIFT_VERSION = 5.0;
				TARGETED_DEVICE_FAMILY = "1,2";
			};
			name = Debug;
		};
		3C36720029179FB000DBCA4C /* Release */ = {
			isa = XCBuildConfiguration;
			buildSettings = {
				ASSETCATALOG_COMPILER_APPICON_NAME = AppIcon;
				ASSETCATALOG_COMPILER_GLOBAL_ACCENT_COLOR_NAME = AccentColor;
				CODE_SIGN_STYLE = Automatic;
				CURRENT_PROJECT_VERSION = 1;
				GENERATE_INFOPLIST_FILE = YES;
				INFOPLIST_FILE = iOS_Rasid/Resources/Plist/Info.plist;
				INFOPLIST_KEY_UIApplicationSupportsIndirectInputEvents = YES;
				INFOPLIST_KEY_UILaunchStoryboardName = LaunchScreen;
				INFOPLIST_KEY_UISupportedInterfaceOrientations_iPad = "UIInterfaceOrientationPortrait UIInterfaceOrientationPortraitUpsideDown UIInterfaceOrientationLandscapeLeft UIInterfaceOrientationLandscapeRight";
				INFOPLIST_KEY_UISupportedInterfaceOrientations_iPhone = "UIInterfaceOrientationPortrait UIInterfaceOrientationLandscapeLeft UIInterfaceOrientationLandscapeRight";
				LD_RUNPATH_SEARCH_PATHS = (
					"$(inherited)",
					"@executable_path/Frameworks",
				);
				MARKETING_VERSION = 1.0;
				PRODUCT_BUNDLE_IDENTIFIER = "abd2lrady.iOS-Rasid";
				PRODUCT_NAME = "$(TARGET_NAME)";
				SWIFT_EMIT_LOC_STRINGS = YES;
				SWIFT_VERSION = 5.0;
				TARGETED_DEVICE_FAMILY = "1,2";
			};
			name = Release;
		};
/* End XCBuildConfiguration section */

/* Begin XCConfigurationList section */
		3C3671E529179FAE00DBCA4C /* Build configuration list for PBXProject "iOS_Rasid" */ = {
			isa = XCConfigurationList;
			buildConfigurations = (
				3C3671FC29179FB000DBCA4C /* Debug */,
				3C3671FD29179FB000DBCA4C /* Release */,
			);
			defaultConfigurationIsVisible = 0;
			defaultConfigurationName = Release;
		};
		3C3671FE29179FB000DBCA4C /* Build configuration list for PBXNativeTarget "iOS_Rasid" */ = {
			isa = XCConfigurationList;
			buildConfigurations = (
				3C3671FF29179FB000DBCA4C /* Debug */,
				3C36720029179FB000DBCA4C /* Release */,
			);
			defaultConfigurationIsVisible = 0;
			defaultConfigurationName = Release;
		};
/* End XCConfigurationList section */

/* Begin XCRemoteSwiftPackageReference section */
		3CF49013291A7F82002E55A8 /* XCRemoteSwiftPackageReference "Alamofire" */ = {
			isa = XCRemoteSwiftPackageReference;
			repositoryURL = "https://github.com/Alamofire/Alamofire.git";
			requirement = {
				kind = upToNextMajorVersion;
				minimumVersion = 5.0.0;
			};
		};
/* End XCRemoteSwiftPackageReference section */

/* Begin XCSwiftPackageProductDependency section */
		3CF49014291A7F82002E55A8 /* Alamofire */ = {
			isa = XCSwiftPackageProductDependency;
			package = 3CF49013291A7F82002E55A8 /* XCRemoteSwiftPackageReference "Alamofire" */;
			productName = Alamofire;
		};
/* End XCSwiftPackageProductDependency section */
	};
	rootObject = 3C3671E229179FAE00DBCA4C /* Project object */;
}
